
Microsoft Visual Studio Solution File, Format Version 12.00
# Visual Studio 15
VisualStudioVersion = 15.0.27130.2027
MinimumVisualStudioVersion = 10.0.40219.1
Project("{FAE04EC0-301F-11D3-BF4B-00C04F79EFBC}") = "liftSimulation", "liftSimulation.csproj", "{CAAB97A3-6142-4A10-9478-4D0A8417F217}"
EndProject
Global
	GlobalSection(SolutionConfigurationPlatforms) = preSolution
		Debug|Any CPU = Debug|Any CPU
		Release|Any CPU = Release|Any CPU
	EndGlobalSection
	GlobalSection(ProjectConfigurationPlatforms) = postSolution
		{CAAB97A3-6142-4A10-9478-4D0A8417F217}.Debug|Any CPU.ActiveCfg = Debug|Any CPU
		{CAAB97A3-6142-4A10-9478-4D0A8417F217}.Debug|Any CPU.Build.0 = Debug|Any CPU
		{CAAB97A3-6142-4A10-9478-4D0A8417F217}.Release|Any CPU.ActiveCfg = Release|Any CPU
		{CAAB97A3-6142-4A10-9478-4D0A8417F217}.Release|Any CPU.Build.0 = Release|Any CPU
	EndGlobalSection
	GlobalSection(SolutionProperties) = preSolution
		HideSolutionNode = FALSE
	EndGlobalSection
	GlobalSection(ExtensibilityGlobals) = postSolution
		SolutionGuid = {820FD11A-6D59-4416-B5DE-8D0035D7AABD}
	EndGlobalSection
EndGlobal
